
Microsoft Visual Studio Solution File, Format Version 12.00
# Visual Studio Version 17
VisualStudioVersion = 17.3.32922.545
MinimumVisualStudioVersion = 10.0.40219.1
Project("{FAE04EC0-301F-11D3-BF4B-00C04F79EFBC}") = "mvc-email-to-discourse", "mvc-email-to-discourse\mvc-email-to-discourse.csproj", "{DACB8279-25CF-4B3A-9A5D-1AF160B20376}"
EndProject
Global
	GlobalSection(SolutionConfigurationPlatforms) = preSolution
		Debug|Any CPU = Debug|Any CPU
		Release|Any CPU = Release|Any CPU
	EndGlobalSection
	GlobalSection(ProjectConfigurationPlatforms) = postSolution
		{DACB8279-25CF-4B3A-9A5D-1AF160B20376}.Debug|Any CPU.ActiveCfg = Debug|Any CPU
		{DACB8279-25CF-4B3A-9A5D-1AF160B20376}.Debug|Any CPU.Build.0 = Debug|Any CPU
		{DACB8279-25CF-4B3A-9A5D-1AF160B20376}.Release|Any CPU.ActiveCfg = Release|Any CPU
		{DACB8279-25CF-4B3A-9A5D-1AF160B20376}.Release|Any CPU.Build.0 = Release|Any CPU
	EndGlobalSection
	GlobalSection(SolutionProperties) = preSolution
		HideSolutionNode = FALSE
	EndGlobalSection
	GlobalSection(ExtensibilityGlobals) = postSolution
		SolutionGuid = {04C9127F-9BEE-45B9-A8CA-68FF251EDB95}
	EndGlobalSection
EndGlobal
